{
  "nodes": {
    "home-manager": {
      "inputs": {
        "nixpkgs": [
          "nixpkgs"
        ]
      },
      "locked": {
        "lastModified": 1767936508,
        "narHash": "sha256-eSeZX/R2/jLw/d97F6N0lyR3utWotJ0B31WUK6GfqnE=",
        "owner": "thoughtfull-nix",
        "repo": "home-manager",
        "rev": "5b13a7b782f3f90f1d3b75a75119893491951024",
        "type": "github"
      },
      "original": {
        "owner": "thoughtfull-nix",
        "ref": "release-25.11",
        "repo": "home-manager",
        "type": "github"
      }
    },
    "nixpkgs": {
      "locked": {
        "lastModified": 1768196704,
        "narHash": "sha256-ocgBWqAUGjyLrWpEnuq67rS2foBbpz5naPjFYH7Ju4E=",
        "owner": "thoughtfull-nix",
        "repo": "nixpkgs",
        "rev": "a8af0241835cb801fd12aa1a1c26bdb57ecb68b9",
        "type": "github"
      },
      "original": {
        "owner": "thoughtfull-nix",
        "ref": "nixos-25.11",
        "repo": "nixpkgs",
        "type": "github"
      }
    },
    "root": {
      "inputs": {
        "home-manager": "home-manager",
        "nixpkgs": "nixpkgs",
        "unstable": "unstable"
      }
    },
    "unstable": {
      "locked": {
        "lastModified": 1768195782,
        "narHash": "sha256-X4JAwio0TXndQdbCX8QeyJeb64OYAm0LFu4M6IOmV7g=",
        "owner": "thoughtfull-nix",
        "repo": "nixpkgs",
        "rev": "8db001b125caca5e066376a4f4195e76f5ba54c1",
        "type": "github"
      },
      "original": {
        "owner": "thoughtfull-nix",
        "ref": "nixos-unstable",
        "repo": "nixpkgs",
        "type": "github"
      }
    }
  },
  "root": "root",
  "version": 7
}
